
Microsoft Visual Studio Solution File, Format Version 12.00
# Visual Studio 15
Project("{FAE04EC0-301F-11D3-BF4B-00C04F79EFBC}") = "Courier_Management_System", "Courier_Management_System\Courier_Management_System.csproj", "{E1753674-2A98-4011-8A77-94F331D53010}"
EndProject
Global
	GlobalSection(SolutionConfigurationPlatforms) = preSolution
		Debug|Any CPU = Debug|Any CPU
		Release|Any CPU = Release|Any CPU
	EndGlobalSection
	GlobalSection(ProjectConfigurationPlatforms) = postSolution
		{E1753674-2A98-4011-8A77-94F331D53010}.Debug|Any CPU.ActiveCfg = Debug|Any CPU
		{E1753674-2A98-4011-8A77-94F331D53010}.Debug|Any CPU.Build.0 = Debug|Any CPU
		{E1753674-2A98-4011-8A77-94F331D53010}.Release|Any CPU.ActiveCfg = Release|Any CPU
		{E1753674-2A98-4011-8A77-94F331D53010}.Release|Any CPU.Build.0 = Release|Any CPU
	EndGlobalSection
EndGlobal
