
Microsoft Visual Studio Solution File, Format Version 12.00
# Visual Studio 15
Project("{FAE04EC0-301F-11D3-BF4B-00C04F79EFBC}") = "Courier_Management_System", "Courier_Management_System.csproj", "{6CF67574-809E-4103-9430-644381BFE929}"
EndProject
Global
	GlobalSection(SolutionConfigurationPlatforms) = preSolution
		Debug|Any CPU = Debug|Any CPU
		Release|Any CPU = Release|Any CPU
	EndGlobalSection
	GlobalSection(ProjectConfigurationPlatforms) = postSolution
		{6CF67574-809E-4103-9430-644381BFE929}.Debug|Any CPU.ActiveCfg = Debug|Any CPU
		{6CF67574-809E-4103-9430-644381BFE929}.Debug|Any CPU.Build.0 = Debug|Any CPU
		{6CF67574-809E-4103-9430-644381BFE929}.Release|Any CPU.ActiveCfg = Release|Any CPU
		{6CF67574-809E-4103-9430-644381BFE929}.Release|Any CPU.Build.0 = Release|Any CPU
	EndGlobalSection
EndGlobal
